
Microsoft Visual Studio Solution File, Format Version 12.00
# Visual Studio Version 17
VisualStudioVersion = 17.2.32526.322
MinimumVisualStudioVersion = 10.0.40219.1
Project("{9A19103F-16F7-4668-BE54-9A1E7A4F7556}") = "AutenticacionApi", "AutenticacionApi\AutenticacionApi.csproj", "{BA82341A-24FA-4AB7-B295-3A762DBFEA57}"
EndProject
Project("{9A19103F-16F7-4668-BE54-9A1E7A4F7556}") = "BD", "BD\BD.csproj", "{1621822B-785C-41CA-91CA-582402822F2E}"
EndProject
Project("{FAE04EC0-301F-11D3-BF4B-00C04F79EFBC}") = "Service", "Service\Service.csproj", "{C6AE84DC-0C93-4EB0-95B3-0953DF870CBB}"
EndProject
Global
	GlobalSection(SolutionConfigurationPlatforms) = preSolution
		Debug|Any CPU = Debug|Any CPU
		Release|Any CPU = Release|Any CPU
	EndGlobalSection
	GlobalSection(ProjectConfigurationPlatforms) = postSolution
		{BA82341A-24FA-4AB7-B295-3A762DBFEA57}.Debug|Any CPU.ActiveCfg = Debug|Any CPU
		{BA82341A-24FA-4AB7-B295-3A762DBFEA57}.Debug|Any CPU.Build.0 = Debug|Any CPU
		{BA82341A-24FA-4AB7-B295-3A762DBFEA57}.Release|Any CPU.ActiveCfg = Release|Any CPU
		{BA82341A-24FA-4AB7-B295-3A762DBFEA57}.Release|Any CPU.Build.0 = Release|Any CPU
		{1621822B-785C-41CA-91CA-582402822F2E}.Debug|Any CPU.ActiveCfg = Debug|Any CPU
		{1621822B-785C-41CA-91CA-582402822F2E}.Debug|Any CPU.Build.0 = Debug|Any CPU
		{1621822B-785C-41CA-91CA-582402822F2E}.Release|Any CPU.ActiveCfg = Release|Any CPU
		{1621822B-785C-41CA-91CA-582402822F2E}.Release|Any CPU.Build.0 = Release|Any CPU
		{C6AE84DC-0C93-4EB0-95B3-0953DF870CBB}.Debug|Any CPU.ActiveCfg = Debug|Any CPU
		{C6AE84DC-0C93-4EB0-95B3-0953DF870CBB}.Debug|Any CPU.Build.0 = Debug|Any CPU
		{C6AE84DC-0C93-4EB0-95B3-0953DF870CBB}.Release|Any CPU.ActiveCfg = Release|Any CPU
		{C6AE84DC-0C93-4EB0-95B3-0953DF870CBB}.Release|Any CPU.Build.0 = Release|Any CPU
	EndGlobalSection
	GlobalSection(SolutionProperties) = preSolution
		HideSolutionNode = FALSE
	EndGlobalSection
	GlobalSection(ExtensibilityGlobals) = postSolution
		SolutionGuid = {237A7500-345B-4A98-B5BC-0EDD5B6E487C}
	EndGlobalSection
EndGlobal
